
Microsoft Visual Studio Solution File, Format Version 12.00
# Visual Studio Version 17
VisualStudioVersion = 17.5.33414.496
MinimumVisualStudioVersion = 10.0.40219.1
Project("{FAE04EC0-301F-11D3-BF4B-00C04F79EFBC}") = "1302213034_mod4", "1302213034_mod4\1302213034_mod4.csproj", "{F50D4B16-C0DA-499E-9A2E-E918E3889B94}"
EndProject
Global
	GlobalSection(SolutionConfigurationPlatforms) = preSolution
		Debug|Any CPU = Debug|Any CPU
		Release|Any CPU = Release|Any CPU
	EndGlobalSection
	GlobalSection(ProjectConfigurationPlatforms) = postSolution
		{F50D4B16-C0DA-499E-9A2E-E918E3889B94}.Debug|Any CPU.ActiveCfg = Debug|Any CPU
		{F50D4B16-C0DA-499E-9A2E-E918E3889B94}.Debug|Any CPU.Build.0 = Debug|Any CPU
		{F50D4B16-C0DA-499E-9A2E-E918E3889B94}.Release|Any CPU.ActiveCfg = Release|Any CPU
		{F50D4B16-C0DA-499E-9A2E-E918E3889B94}.Release|Any CPU.Build.0 = Release|Any CPU
	EndGlobalSection
	GlobalSection(SolutionProperties) = preSolution
		HideSolutionNode = FALSE
	EndGlobalSection
	GlobalSection(ExtensibilityGlobals) = postSolution
		SolutionGuid = {7CDA2FA6-3CC5-4E47-B030-873A4CFA6574}
	EndGlobalSection
EndGlobal
